
Microsoft Visual Studio Solution File, Format Version 12.00
# Visual Studio Version 17
VisualStudioVersion = 17.6.33723.286
MinimumVisualStudioVersion = 10.0.40219.1
Project("{FAE04EC0-301F-11D3-BF4B-00C04F79EFBC}") = "Boolean Type", "Boolean Type\Boolean Type.csproj", "{C3733F03-62E7-47C9-9BF0-59257A2E983B}"
EndProject
Project("{FAE04EC0-301F-11D3-BF4B-00C04F79EFBC}") = "UI", "UI\UI.csproj", "{BE30C7CE-6057-45BB-8880-5B45F93F13B9}"
EndProject
Global
	GlobalSection(SolutionConfigurationPlatforms) = preSolution
		Debug|Any CPU = Debug|Any CPU
		Release|Any CPU = Release|Any CPU
	EndGlobalSection
	GlobalSection(ProjectConfigurationPlatforms) = postSolution
		{C3733F03-62E7-47C9-9BF0-59257A2E983B}.Debug|Any CPU.ActiveCfg = Debug|Any CPU
		{C3733F03-62E7-47C9-9BF0-59257A2E983B}.Debug|Any CPU.Build.0 = Debug|Any CPU
		{C3733F03-62E7-47C9-9BF0-59257A2E983B}.Release|Any CPU.ActiveCfg = Release|Any CPU
		{C3733F03-62E7-47C9-9BF0-59257A2E983B}.Release|Any CPU.Build.0 = Release|Any CPU
		{BE30C7CE-6057-45BB-8880-5B45F93F13B9}.Debug|Any CPU.ActiveCfg = Debug|Any CPU
		{BE30C7CE-6057-45BB-8880-5B45F93F13B9}.Debug|Any CPU.Build.0 = Debug|Any CPU
		{BE30C7CE-6057-45BB-8880-5B45F93F13B9}.Release|Any CPU.ActiveCfg = Release|Any CPU
		{BE30C7CE-6057-45BB-8880-5B45F93F13B9}.Release|Any CPU.Build.0 = Release|Any CPU
	EndGlobalSection
	GlobalSection(SolutionProperties) = preSolution
		HideSolutionNode = FALSE
	EndGlobalSection
	GlobalSection(ExtensibilityGlobals) = postSolution
		SolutionGuid = {AA539296-7BFD-403B-960B-40C87996C065}
	EndGlobalSection
EndGlobal
